
Microsoft Visual Studio Solution File, Format Version 12.00
# Visual Studio 15
Project("{FAE04EC0-301F-11D3-BF4B-00C04F79EFBC}") = "QolObsMod", "QolObsMod.csproj", "{124F6B68-FA99-4521-B7FD-9CFADB9D9CA9}"
EndProject
Global
	GlobalSection(SolutionConfigurationPlatforms) = preSolution
		Debug|x86 = Debug|x86
		Release|x86 = Release|x86
	EndGlobalSection
	GlobalSection(ProjectConfigurationPlatforms) = postSolution
		{124F6B68-FA99-4521-B7FD-9CFADB9D9CA9}.Debug|x86.ActiveCfg = Debug|x86
		{124F6B68-FA99-4521-B7FD-9CFADB9D9CA9}.Debug|x86.Build.0 = Debug|x86
		{124F6B68-FA99-4521-B7FD-9CFADB9D9CA9}.Release|x86.ActiveCfg = Release|x86
		{124F6B68-FA99-4521-B7FD-9CFADB9D9CA9}.Release|x86.Build.0 = Release|x86
	EndGlobalSection
EndGlobal
